// !$*UTF8*$!
{
	archiveVersion = 1;
	classes = {
	};
	objectVersion = 77;
	objects = {

/* Begin PBXBuildFile section */
		28C0A08E8F3EA4403F48347A /* NeatEditorApp.swift in Sources */ = {isa = PBXBuildFile; fileRef = 7AE177253A6D16097E143352 /* NeatEditorApp.swift */; };
		2969C19C0A416A9B8EEA5081 /* DocumentManager.swift in Sources */ = {isa = PBXBuildFile; fileRef = 1EF032AC02271251D613513E /* DocumentManager.swift */; };
		2F0D92985DE89AFB1227039E /* Assets.xcassets in Resources */ = {isa = PBXBuildFile; fileRef = CC4981C6B05519CD1877B4D5 /* Assets.xcassets */; };
		555AE572774E813E1EE630B2 /* EditorChrome.swift in Sources */ = {isa = PBXBuildFile; fileRef = EB4E3FA87533D5B31C17C6A0 /* EditorChrome.swift */; };
		71CA1C00CFA65D165819D890 /* TabItem.swift in Sources */ = {isa = PBXBuildFile; fileRef = D9C056A4636CFFAD1F20C226 /* TabItem.swift */; };
		9AA8A5C6A9DC4AF56954C2C4 /* ContentView.swift in Sources */ = {isa = PBXBuildFile; fileRef = B567D6FDCBD90B6E8F016CB0 /* ContentView.swift */; };
		A11AB0EA937ACF61DD1013A8 /* LineNumberTextEditor.swift in Sources */ = {isa = PBXBuildFile; fileRef = 14FA3A778541E3DDF2A58FA4 /* LineNumberTextEditor.swift */; };
		E00EC6C0F8F4287B72CE19B9 /* TabBarView.swift in Sources */ = {isa = PBXBuildFile; fileRef = 692AE609E1E9F30E09D3BA26 /* TabBarView.swift */; };
/* End PBXBuildFile section */

/* Begin PBXFileReference section */
		14FA3A778541E3DDF2A58FA4 /* LineNumberTextEditor.swift */ = {isa = PBXFileReference; lastKnownFileType = sourcecode.swift; path = LineNumberTextEditor.swift; sourceTree = "<group>"; };
		1EF032AC02271251D613513E /* DocumentManager.swift */ = {isa = PBXFileReference; lastKnownFileType = sourcecode.swift; path = DocumentManager.swift; sourceTree = "<group>"; };
		692AE609E1E9F30E09D3BA26 /* TabBarView.swift */ = {isa = PBXFileReference; lastKnownFileType = sourcecode.swift; path = TabBarView.swift; sourceTree = "<group>"; };
		7AE177253A6D16097E143352 /* NeatEditorApp.swift */ = {isa = PBXFileReference; lastKnownFileType = sourcecode.swift; path = NeatEditorApp.swift; sourceTree = "<group>"; };
		B567D6FDCBD90B6E8F016CB0 /* ContentView.swift */ = {isa = PBXFileReference; lastKnownFileType = sourcecode.swift; path = ContentView.swift; sourceTree = "<group>"; };
		C59982890BA0049E8CC31E4F /* NeatEditor.app */ = {isa = PBXFileReference; explicitFileType = wrapper.application; includeInIndex = 0; path = NeatEditor.app; sourceTree = BUILT_PRODUCTS_DIR; };
		CC4981C6B05519CD1877B4D5 /* Assets.xcassets */ = {isa = PBXFileReference; lastKnownFileType = folder.assetcatalog; path = Assets.xcassets; sourceTree = "<group>"; };
		D9C056A4636CFFAD1F20C226 /* TabItem.swift */ = {isa = PBXFileReference; lastKnownFileType = sourcecode.swift; path = TabItem.swift; sourceTree = "<group>"; };
		EB4E3FA87533D5B31C17C6A0 /* EditorChrome.swift */ = {isa = PBXFileReference; lastKnownFileType = sourcecode.swift; path = EditorChrome.swift; sourceTree = "<group>"; };
/* End PBXFileReference section */

/* Begin PBXGroup section */
		159583F8B97641E58C7DD68F /* App */ = {
			isa = PBXGroup;
			children = (
				7AE177253A6D16097E143352 /* NeatEditorApp.swift */,
			);
			path = App;
			sourceTree = "<group>";
		};
		1C1110D4DCA8BA0A6292698C /* Products */ = {
			isa = PBXGroup;
			children = (
				C59982890BA0049E8CC31E4F /* NeatEditor.app */,
			);
			name = Products;
			sourceTree = "<group>";
		};
		1D4D0B8F75590E7123A4DCE5 = {
			isa = PBXGroup;
			children = (
				837DFB8EA1A376B7477126C7 /* Sources */,
				1C1110D4DCA8BA0A6292698C /* Products */,
			);
			sourceTree = "<group>";
		};
		50F7815DB56865FC0996A0D9 /* Views */ = {
			isa = PBXGroup;
			children = (
				B567D6FDCBD90B6E8F016CB0 /* ContentView.swift */,
				EB4E3FA87533D5B31C17C6A0 /* EditorChrome.swift */,
				14FA3A778541E3DDF2A58FA4 /* LineNumberTextEditor.swift */,
				692AE609E1E9F30E09D3BA26 /* TabBarView.swift */,
			);
			path = Views;
			sourceTree = "<group>";
		};
		6C4008B94B5B9575C7D4C05B /* NeatEditor */ = {
			isa = PBXGroup;
			children = (
				159583F8B97641E58C7DD68F /* App */,
				8A73940DB02FD1D6108FDF13 /* Models */,
				50F7815DB56865FC0996A0D9 /* Views */,
				CC4981C6B05519CD1877B4D5 /* Assets.xcassets */,
			);
			path = NeatEditor;
			sourceTree = "<group>";
		};
		837DFB8EA1A376B7477126C7 /* Sources */ = {
			isa = PBXGroup;
			children = (
				6C4008B94B5B9575C7D4C05B /* NeatEditor */,
			);
			path = Sources;
			sourceTree = "<group>";
		};
		8A73940DB02FD1D6108FDF13 /* Models */ = {
			isa = PBXGroup;
			children = (
				1EF032AC02271251D613513E /* DocumentManager.swift */,
				D9C056A4636CFFAD1F20C226 /* TabItem.swift */,
			);
			path = Models;
			sourceTree = "<group>";
		};
/* End PBXGroup section */

/* Begin PBXNativeTarget section */
		9A5D10A800E9420AFAB52D49 /* NeatEditor */ = {
			isa = PBXNativeTarget;
			buildConfigurationList = CEE60399EC8CECC780CE663A /* Build configuration list for PBXNativeTarget "NeatEditor" */;
			buildPhases = (
				515456D2EC8FC46A1392DA93 /* Sources */,
				E77BF6BAAFB3B3152B57EE9D /* Resources */,
			);
			buildRules = (
			);
			dependencies = (
			);
			name = NeatEditor;
			packageProductDependencies = (
			);
			productName = NeatEditor;
			productReference = C59982890BA0049E8CC31E4F /* NeatEditor.app */;
			productType = "com.apple.product-type.application";
		};
/* End PBXNativeTarget section */

/* Begin PBXProject section */
		226D05864F7573A4A75D26FC /* Project object */ = {
			isa = PBXProject;
			attributes = {
				BuildIndependentTargetsInParallel = YES;
				LastUpgradeCheck = 1620;
				TargetAttributes = {
					9A5D10A800E9420AFAB52D49 = {
						ProvisioningStyle = Automatic;
					};
				};
			};
			buildConfigurationList = 7998514BDB9579393D62FF65 /* Build configuration list for PBXProject "NeatEditor" */;
			compatibilityVersion = "Xcode 14.0";
			developmentRegion = en;
			hasScannedForEncodings = 0;
			knownRegions = (
				Base,
				en,
			);
			mainGroup = 1D4D0B8F75590E7123A4DCE5;
			minimizedProjectReferenceProxies = 1;
			preferredProjectObjectVersion = 77;
			projectDirPath = "";
			projectRoot = "";
			targets = (
				9A5D10A800E9420AFAB52D49 /* NeatEditor */,
			);
		};
/* End PBXProject section */

/* Begin PBXResourcesBuildPhase section */
		E77BF6BAAFB3B3152B57EE9D /* Resources */ = {
			isa = PBXResourcesBuildPhase;
			buildActionMask = 2147483647;
			files = (
				2F0D92985DE89AFB1227039E /* Assets.xcassets in Resources */,
			);
			runOnlyForDeploymentPostprocessing = 0;
		};
/* End PBXResourcesBuildPhase section */

/* Begin PBXSourcesBuildPhase section */
		515456D2EC8FC46A1392DA93 /* Sources */ = {
			isa = PBXSourcesBuildPhase;
			buildActionMask = 2147483647;
			files = (
				9AA8A5C6A9DC4AF56954C2C4 /* ContentView.swift in Sources */,
				2969C19C0A416A9B8EEA5081 /* DocumentManager.swift in Sources */,
				555AE572774E813E1EE630B2 /* EditorChrome.swift in Sources */,
				A11AB0EA937ACF61DD1013A8 /* LineNumberTextEditor.swift in Sources */,
				28C0A08E8F3EA4403F48347A /* NeatEditorApp.swift in Sources */,
				E00EC6C0F8F4287B72CE19B9 /* TabBarView.swift in Sources */,
				71CA1C00CFA65D165819D890 /* TabItem.swift in Sources */,
			);
			runOnlyForDeploymentPostprocessing = 0;
		};
/* End PBXSourcesBuildPhase section */

/* Begin XCBuildConfiguration section */
		62553C548B8453246E5B2417 /* Release */ = {
			isa = XCBuildConfiguration;
			buildSettings = {
				ASSETCATALOG_COMPILER_APPICON_NAME = AppIcon;
				COMBINE_HIDPI_IMAGES = YES;
				GENERATE_INFOPLIST_FILE = YES;
				INFOPLIST_KEY_CFBundleDisplayName = NeatEditor;
				INFOPLIST_KEY_LSMinimumSystemVersion = 15.0;
				INFOPLIST_KEY_NSHumanReadableCopyright = "Copyright © 2026 geraltgraham. All rights reserved.";
				LD_RUNPATH_SEARCH_PATHS = (
					"$(inherited)",
					"@executable_path/../Frameworks",
				);
				MACOSX_DEPLOYMENT_TARGET = 15.0;
				PRODUCT_BUNDLE_IDENTIFIER = com.geraltgraham.NeatEditor;
				SDKROOT = macosx;
				SWIFT_VERSION = 6.0;
			};
			name = Release;
		};
		903E4FBDEE69FF67A20AAC5C /* Release */ = {
			isa = XCBuildConfiguration;
			buildSettings = {
				ALWAYS_SEARCH_USER_PATHS = NO;
				CLANG_ANALYZER_NONNULL = YES;
				CLANG_ANALYZER_NUMBER_OBJECT_CONVERSION = YES_AGGRESSIVE;
				CLANG_CXX_LANGUAGE_STANDARD = "gnu++14";
				CLANG_CXX_LIBRARY = "libc++";
				CLANG_ENABLE_MODULES = YES;
				CLANG_ENABLE_OBJC_ARC = YES;
				CLANG_ENABLE_OBJC_WEAK = YES;
				CLANG_WARN_BLOCK_CAPTURE_AUTORELEASING = YES;
				CLANG_WARN_BOOL_CONVERSION = YES;
				CLANG_WARN_COMMA = YES;
				CLANG_WARN_CONSTANT_CONVERSION = YES;
				CLANG_WARN_DEPRECATED_OBJC_IMPLEMENTATIONS = YES;
				CLANG_WARN_DIRECT_OBJC_ISA_USAGE = YES_ERROR;
				CLANG_WARN_DOCUMENTATION_COMMENTS = YES;
				CLANG_WARN_EMPTY_BODY = YES;
				CLANG_WARN_ENUM_CONVERSION = YES;
				CLANG_WARN_INFINITE_RECURSION = YES;
				CLANG_WARN_INT_CONVERSION = YES;
				CLANG_WARN_NON_LITERAL_NULL_CONVERSION = YES;
				CLANG_WARN_OBJC_IMPLICIT_RETAIN_SELF = YES;
				CLANG_WARN_OBJC_LITERAL_CONVERSION = YES;
				CLANG_WARN_OBJC_ROOT_CLASS = YES_ERROR;
				CLANG_WARN_QUOTED_INCLUDE_IN_FRAMEWORK_HEADER = YES;
				CLANG_WARN_RANGE_LOOP_ANALYSIS = YES;
				CLANG_WARN_STRICT_PROTOTYPES = YES;
				CLANG_WARN_SUSPICIOUS_MOVE = YES;
				CLANG_WARN_UNGUARDED_AVAILABILITY = YES_AGGRESSIVE;
				CLANG_WARN_UNREACHABLE_CODE = YES;
				CLANG_WARN__DUPLICATE_METHOD_MATCH = YES;
				CODE_SIGN_STYLE = Automatic;
				COPY_PHASE_STRIP = NO;
				DEBUG_INFORMATION_FORMAT = "dwarf-with-dsym";
				ENABLE_HARDENED_RUNTIME = YES;
				ENABLE_NS_ASSERTIONS = NO;
				ENABLE_STRICT_OBJC_MSGSEND = YES;
				GCC_C_LANGUAGE_STANDARD = gnu11;
				GCC_NO_COMMON_BLOCKS = YES;
				GCC_WARN_64_TO_32_BIT_CONVERSION = YES;
				GCC_WARN_ABOUT_RETURN_TYPE = YES_ERROR;
				GCC_WARN_UNDECLARED_SELECTOR = YES;
				GCC_WARN_UNINITIALIZED_AUTOS = YES_AGGRESSIVE;
				GCC_WARN_UNUSED_FUNCTION = YES;
				GCC_WARN_UNUSED_VARIABLE = YES;
				MACOSX_DEPLOYMENT_TARGET = 15.0;
				MTL_ENABLE_DEBUG_INFO = NO;
				MTL_FAST_MATH = YES;
				PRODUCT_NAME = "$(TARGET_NAME)";
				SDKROOT = macosx;
				SWIFT_ACTIVE_COMPILATION_CONDITIONS = "";
				SWIFT_COMPILATION_MODE = wholemodule;
				SWIFT_OPTIMIZATION_LEVEL = "-O";
				SWIFT_VERSION = 6.0;
			};
			name = Release;
		};
		E5A7DA062109A89A1043B352 /* Debug */ = {
			isa = XCBuildConfiguration;
			buildSettings = {
				ASSETCATALOG_COMPILER_APPICON_NAME = AppIcon;
				COMBINE_HIDPI_IMAGES = YES;
				GENERATE_INFOPLIST_FILE = YES;
				INFOPLIST_KEY_CFBundleDisplayName = NeatEditor;
				INFOPLIST_KEY_LSMinimumSystemVersion = 15.0;
				INFOPLIST_KEY_NSHumanReadableCopyright = "Copyright © 2026 geraltgraham. All rights reserved.";
				LD_RUNPATH_SEARCH_PATHS = (
					"$(inherited)",
					"@executable_path/../Frameworks",
				);
				MACOSX_DEPLOYMENT_TARGET = 15.0;
				PRODUCT_BUNDLE_IDENTIFIER = com.geraltgraham.NeatEditor;
				SDKROOT = macosx;
				SWIFT_VERSION = 6.0;
			};
			name = Debug;
		};
		F3468D253DF1F342C8F8ADBC /* Debug */ = {
			isa = XCBuildConfiguration;
			buildSettings = {
				ALWAYS_SEARCH_USER_PATHS = NO;
				CLANG_ANALYZER_NONNULL = YES;
				CLANG_ANALYZER_NUMBER_OBJECT_CONVERSION = YES_AGGRESSIVE;
				CLANG_CXX_LANGUAGE_STANDARD = "gnu++14";
				CLANG_CXX_LIBRARY = "libc++";
				CLANG_ENABLE_MODULES = YES;
				CLANG_ENABLE_OBJC_ARC = YES;
				CLANG_ENABLE_OBJC_WEAK = YES;
				CLANG_WARN_BLOCK_CAPTURE_AUTORELEASING = YES;
				CLANG_WARN_BOOL_CONVERSION = YES;
				CLANG_WARN_COMMA = YES;
				CLANG_WARN_CONSTANT_CONVERSION = YES;
				CLANG_WARN_DEPRECATED_OBJC_IMPLEMENTATIONS = YES;
				CLANG_WARN_DIRECT_OBJC_ISA_USAGE = YES_ERROR;
				CLANG_WARN_DOCUMENTATION_COMMENTS = YES;
				CLANG_WARN_EMPTY_BODY = YES;
				CLANG_WARN_ENUM_CONVERSION = YES;
				CLANG_WARN_INFINITE_RECURSION = YES;
				CLANG_WARN_INT_CONVERSION = YES;
				CLANG_WARN_NON_LITERAL_NULL_CONVERSION = YES;
				CLANG_WARN_OBJC_IMPLICIT_RETAIN_SELF = YES;
				CLANG_WARN_OBJC_LITERAL_CONVERSION = YES;
				CLANG_WARN_OBJC_ROOT_CLASS = YES_ERROR;
				CLANG_WARN_QUOTED_INCLUDE_IN_FRAMEWORK_HEADER = YES;
				CLANG_WARN_RANGE_LOOP_ANALYSIS = YES;
				CLANG_WARN_STRICT_PROTOTYPES = YES;
				CLANG_WARN_SUSPICIOUS_MOVE = YES;
				CLANG_WARN_UNGUARDED_AVAILABILITY = YES_AGGRESSIVE;
				CLANG_WARN_UNREACHABLE_CODE = YES;
				CLANG_WARN__DUPLICATE_METHOD_MATCH = YES;
				CODE_SIGN_STYLE = Automatic;
				COPY_PHASE_STRIP = NO;
				DEBUG_INFORMATION_FORMAT = "dwarf-with-dsym";
				ENABLE_HARDENED_RUNTIME = YES;
				ENABLE_STRICT_OBJC_MSGSEND = YES;
				ENABLE_TESTABILITY = YES;
				GCC_C_LANGUAGE_STANDARD = gnu11;
				GCC_DYNAMIC_NO_PIC = NO;
				GCC_NO_COMMON_BLOCKS = YES;
				GCC_OPTIMIZATION_LEVEL = 0;
				GCC_PREPROCESSOR_DEFINITIONS = (
					"$(inherited)",
					"DEBUG=1",
				);
				GCC_WARN_64_TO_32_BIT_CONVERSION = YES;
				GCC_WARN_ABOUT_RETURN_TYPE = YES_ERROR;
				GCC_WARN_UNDECLARED_SELECTOR = YES;
				GCC_WARN_UNINITIALIZED_AUTOS = YES_AGGRESSIVE;
				GCC_WARN_UNUSED_FUNCTION = YES;
				GCC_WARN_UNUSED_VARIABLE = YES;
				MACOSX_DEPLOYMENT_TARGET = 15.0;
				MTL_ENABLE_DEBUG_INFO = INCLUDE_SOURCE;
				MTL_FAST_MATH = YES;
				ONLY_ACTIVE_ARCH = YES;
				PRODUCT_NAME = "$(TARGET_NAME)";
				SDKROOT = macosx;
				SWIFT_ACTIVE_COMPILATION_CONDITIONS = DEBUG;
				SWIFT_OPTIMIZATION_LEVEL = "-Onone";
				SWIFT_VERSION = 6.0;
			};
			name = Debug;
		};
/* End XCBuildConfiguration section */

/* Begin XCConfigurationList section */
		7998514BDB9579393D62FF65 /* Build configuration list for PBXProject "NeatEditor" */ = {
			isa = XCConfigurationList;
			buildConfigurations = (
				F3468D253DF1F342C8F8ADBC /* Debug */,
				903E4FBDEE69FF67A20AAC5C /* Release */,
			);
			defaultConfigurationIsVisible = 0;
			defaultConfigurationName = Debug;
		};
		CEE60399EC8CECC780CE663A /* Build configuration list for PBXNativeTarget "NeatEditor" */ = {
			isa = XCConfigurationList;
			buildConfigurations = (
				E5A7DA062109A89A1043B352 /* Debug */,
				62553C548B8453246E5B2417 /* Release */,
			);
			defaultConfigurationIsVisible = 0;
			defaultConfigurationName = Debug;
		};
/* End XCConfigurationList section */
	};
	rootObject = 226D05864F7573A4A75D26FC /* Project object */;
}
