// !$*UTF8*$!
{
	archiveVersion = 1;
	classes = {
	};
	objectVersion = 77;
	objects = {

/* Begin PBXBuildFile section */
		16EC1F059C67919FE7417ECA /* WorkspaceCommands.swift in Sources */ = {isa = PBXBuildFile; fileRef = 64C1E4F1C5E0852265B8A3A4 /* WorkspaceCommands.swift */; };
		21B6368381D44AB472B6E272 /* ZoomableTextView.swift in Sources */ = {isa = PBXBuildFile; fileRef = 0CA0DD15623CA315741B803E /* ZoomableTextView.swift */; };
		260FB1D768B914BEC7E705CE /* LineNumberGutterView.swift in Sources */ = {isa = PBXBuildFile; fileRef = 0CF0D55E27675FFDA411D699 /* LineNumberGutterView.swift */; };
		28C0A08E8F3EA4403F48347A /* NeatEditorApp.swift in Sources */ = {isa = PBXBuildFile; fileRef = 7AE177253A6D16097E143352 /* NeatEditorApp.swift */; };
		2F0D92985DE89AFB1227039E /* Assets.xcassets in Resources */ = {isa = PBXBuildFile; fileRef = CC4981C6B05519CD1877B4D5 /* Assets.xcassets */; };
		30257E6B79239E28AD1DFF2A /* EditorTab.swift in Sources */ = {isa = PBXBuildFile; fileRef = CEE07E7303361F05267B1085 /* EditorTab.swift */; };
		3143A92017C91179B2A2A7ED /* ZoomableScrollView.swift in Sources */ = {isa = PBXBuildFile; fileRef = 997F47F5D36FCDF06285DFAB /* ZoomableScrollView.swift */; };
		39BD2850BB05C043F8377344 /* Localizable.strings in Resources */ = {isa = PBXBuildFile; fileRef = EEC6A22F39D1E5EC9B13E1CB /* Localizable.strings */; };
		40E4B08329E49913ADF40EFC /* EditorTextContainerView.swift in Sources */ = {isa = PBXBuildFile; fileRef = 9B3C22F933FC00FD61B5DAF0 /* EditorTextContainerView.swift */; };
		44208CD4C131FC71C34946E1 /* EditorTabStripView.swift in Sources */ = {isa = PBXBuildFile; fileRef = 60AEF291D6C5985830C89ABF /* EditorTabStripView.swift */; };
		4A7455D8ED46B4FC817A58B3 /* EditorChrome.swift in Sources */ = {isa = PBXBuildFile; fileRef = D1A82D78D7CE0B95C71D0971 /* EditorChrome.swift */; };
		4C6DD29CD0452D9311044BE8 /* EditorTextView.swift in Sources */ = {isa = PBXBuildFile; fileRef = 7FC9CB3A37D479100CB1B9D6 /* EditorTextView.swift */; };
		6C4A4EF55D4E956B1CB30509 /* DocumentPersistenceService.swift in Sources */ = {isa = PBXBuildFile; fileRef = A7A960C8B24796C5DB2C6589 /* DocumentPersistenceService.swift */; };
		85E7BB7174B4D000CEFDE8A6 /* SettingsView.swift in Sources */ = {isa = PBXBuildFile; fileRef = 9E4EDF9A6AA28B3E0BB1ED45 /* SettingsView.swift */; };
		A344426D812AD628E5414D35 /* TitleBarTrafficLightAlignmentView.swift in Sources */ = {isa = PBXBuildFile; fileRef = 3DB9D86BBC9C10E24C2579C1 /* TitleBarTrafficLightAlignmentView.swift */; };
		AB52501F00EC0F86E18D6C3C /* AutoSaveScheduler.swift in Sources */ = {isa = PBXBuildFile; fileRef = 14452BE9113FCDDB6CE97192 /* AutoSaveScheduler.swift */; };
		B94CDB60C07A6AB1960668D4 /* ExternalFileOpenCoordinator.swift in Sources */ = {isa = PBXBuildFile; fileRef = 32C74314E17C1CDECDF2EDB4 /* ExternalFileOpenCoordinator.swift */; };
		DCDC8B0D5BE86A4D3B12A9E1 /* WorkspaceStore.swift in Sources */ = {isa = PBXBuildFile; fileRef = 63FEBB9D3DE2E196F6FABC88 /* WorkspaceStore.swift */; };
		F294F12E2A20AE8FFE734E66 /* TabBehavior.swift in Sources */ = {isa = PBXBuildFile; fileRef = 57BC26D5C7240FEF483712F5 /* TabBehavior.swift */; };
		F9F0759B221E03E66297E6D5 /* WorkspaceView.swift in Sources */ = {isa = PBXBuildFile; fileRef = BF4FFD7351F34190C76B4C7D /* WorkspaceView.swift */; };
/* End PBXBuildFile section */

/* Begin PBXFileReference section */
		0CA0DD15623CA315741B803E /* ZoomableTextView.swift */ = {isa = PBXFileReference; lastKnownFileType = sourcecode.swift; path = ZoomableTextView.swift; sourceTree = "<group>"; };
		0CF0D55E27675FFDA411D699 /* LineNumberGutterView.swift */ = {isa = PBXFileReference; lastKnownFileType = sourcecode.swift; path = LineNumberGutterView.swift; sourceTree = "<group>"; };
		14452BE9113FCDDB6CE97192 /* AutoSaveScheduler.swift */ = {isa = PBXFileReference; lastKnownFileType = sourcecode.swift; path = AutoSaveScheduler.swift; sourceTree = "<group>"; };
		239A9A4637B76518C6187B38 /* en */ = {isa = PBXFileReference; lastKnownFileType = text.plist.strings; name = en; path = en.lproj/Localizable.strings; sourceTree = "<group>"; };
		32C74314E17C1CDECDF2EDB4 /* ExternalFileOpenCoordinator.swift */ = {isa = PBXFileReference; lastKnownFileType = sourcecode.swift; path = ExternalFileOpenCoordinator.swift; sourceTree = "<group>"; };
		3DB9D86BBC9C10E24C2579C1 /* TitleBarTrafficLightAlignmentView.swift */ = {isa = PBXFileReference; lastKnownFileType = sourcecode.swift; path = TitleBarTrafficLightAlignmentView.swift; sourceTree = "<group>"; };
		41100292C0909F81989C8A6B /* zh-Hans */ = {isa = PBXFileReference; lastKnownFileType = text.plist.strings; name = "zh-Hans"; path = "zh-Hans.lproj/Localizable.strings"; sourceTree = "<group>"; };
		57BC26D5C7240FEF483712F5 /* TabBehavior.swift */ = {isa = PBXFileReference; lastKnownFileType = sourcecode.swift; path = TabBehavior.swift; sourceTree = "<group>"; };
		60AEF291D6C5985830C89ABF /* EditorTabStripView.swift */ = {isa = PBXFileReference; lastKnownFileType = sourcecode.swift; path = EditorTabStripView.swift; sourceTree = "<group>"; };
		63FEBB9D3DE2E196F6FABC88 /* WorkspaceStore.swift */ = {isa = PBXFileReference; lastKnownFileType = sourcecode.swift; path = WorkspaceStore.swift; sourceTree = "<group>"; };
		64C1E4F1C5E0852265B8A3A4 /* WorkspaceCommands.swift */ = {isa = PBXFileReference; lastKnownFileType = sourcecode.swift; path = WorkspaceCommands.swift; sourceTree = "<group>"; };
		7AE177253A6D16097E143352 /* NeatEditorApp.swift */ = {isa = PBXFileReference; lastKnownFileType = sourcecode.swift; path = NeatEditorApp.swift; sourceTree = "<group>"; };
		7FC9CB3A37D479100CB1B9D6 /* EditorTextView.swift */ = {isa = PBXFileReference; lastKnownFileType = sourcecode.swift; path = EditorTextView.swift; sourceTree = "<group>"; };
		997F47F5D36FCDF06285DFAB /* ZoomableScrollView.swift */ = {isa = PBXFileReference; lastKnownFileType = sourcecode.swift; path = ZoomableScrollView.swift; sourceTree = "<group>"; };
		9B3C22F933FC00FD61B5DAF0 /* EditorTextContainerView.swift */ = {isa = PBXFileReference; lastKnownFileType = sourcecode.swift; path = EditorTextContainerView.swift; sourceTree = "<group>"; };
		9E4EDF9A6AA28B3E0BB1ED45 /* SettingsView.swift */ = {isa = PBXFileReference; lastKnownFileType = sourcecode.swift; path = SettingsView.swift; sourceTree = "<group>"; };
		A7A960C8B24796C5DB2C6589 /* DocumentPersistenceService.swift */ = {isa = PBXFileReference; lastKnownFileType = sourcecode.swift; path = DocumentPersistenceService.swift; sourceTree = "<group>"; };
		BF4FFD7351F34190C76B4C7D /* WorkspaceView.swift */ = {isa = PBXFileReference; lastKnownFileType = sourcecode.swift; path = WorkspaceView.swift; sourceTree = "<group>"; };
		C59982890BA0049E8CC31E4F /* NeatEditor.app */ = {isa = PBXFileReference; explicitFileType = wrapper.application; includeInIndex = 0; path = NeatEditor.app; sourceTree = BUILT_PRODUCTS_DIR; };
		CC4981C6B05519CD1877B4D5 /* Assets.xcassets */ = {isa = PBXFileReference; lastKnownFileType = folder.assetcatalog; path = Assets.xcassets; sourceTree = "<group>"; };
		CEE07E7303361F05267B1085 /* EditorTab.swift */ = {isa = PBXFileReference; lastKnownFileType = sourcecode.swift; path = EditorTab.swift; sourceTree = "<group>"; };
		D1A82D78D7CE0B95C71D0971 /* EditorChrome.swift */ = {isa = PBXFileReference; lastKnownFileType = sourcecode.swift; path = EditorChrome.swift; sourceTree = "<group>"; };
		FF4DB92AF9B1A147AEED3F20 /* Info.plist */ = {isa = PBXFileReference; lastKnownFileType = text.plist; path = Info.plist; sourceTree = "<group>"; };
/* End PBXFileReference section */

/* Begin PBXGroup section */
		13FFF4BFB75B916FA0599860 /* Workspace */ = {
			isa = PBXGroup;
			children = (
				CEE07E7303361F05267B1085 /* EditorTab.swift */,
				60AEF291D6C5985830C89ABF /* EditorTabStripView.swift */,
				9E4EDF9A6AA28B3E0BB1ED45 /* SettingsView.swift */,
				63FEBB9D3DE2E196F6FABC88 /* WorkspaceStore.swift */,
				BF4FFD7351F34190C76B4C7D /* WorkspaceView.swift */,
			);
			path = Workspace;
			sourceTree = "<group>";
		};
		159583F8B97641E58C7DD68F /* App */ = {
			isa = PBXGroup;
			children = (
				BD11E00755412FD8FBA19523 /* Commands */,
				32C74314E17C1CDECDF2EDB4 /* ExternalFileOpenCoordinator.swift */,
				FF4DB92AF9B1A147AEED3F20 /* Info.plist */,
				7AE177253A6D16097E143352 /* NeatEditorApp.swift */,
			);
			path = App;
			sourceTree = "<group>";
		};
		1C1110D4DCA8BA0A6292698C /* Products */ = {
			isa = PBXGroup;
			children = (
				C59982890BA0049E8CC31E4F /* NeatEditor.app */,
			);
			name = Products;
			sourceTree = "<group>";
		};
		1D4D0B8F75590E7123A4DCE5 = {
			isa = PBXGroup;
			children = (
				837DFB8EA1A376B7477126C7 /* Sources */,
				1C1110D4DCA8BA0A6292698C /* Products */,
			);
			sourceTree = "<group>";
		};
		20ABEE1AEF7A035E14B03F13 /* Resources */ = {
			isa = PBXGroup;
			children = (
				EEC6A22F39D1E5EC9B13E1CB /* Localizable.strings */,
			);
			path = Resources;
			sourceTree = "<group>";
		};
		2EBD0DB1ACC72C10C561D621 /* SharedUI */ = {
			isa = PBXGroup;
			children = (
				C14B05E6C1A100540B6102A6 /* TitleBar */,
				D1A82D78D7CE0B95C71D0971 /* EditorChrome.swift */,
			);
			path = SharedUI;
			sourceTree = "<group>";
		};
		6C4008B94B5B9575C7D4C05B /* NeatEditor */ = {
			isa = PBXGroup;
			children = (
				159583F8B97641E58C7DD68F /* App */,
				DFBABB36B5A75980E9007BC5 /* Features */,
				8A73940DB02FD1D6108FDF13 /* Models */,
				20ABEE1AEF7A035E14B03F13 /* Resources */,
				A22CFA8E6AABC86E0B1F852D /* Services */,
				2EBD0DB1ACC72C10C561D621 /* SharedUI */,
				CC4981C6B05519CD1877B4D5 /* Assets.xcassets */,
			);
			path = NeatEditor;
			sourceTree = "<group>";
		};
		837DFB8EA1A376B7477126C7 /* Sources */ = {
			isa = PBXGroup;
			children = (
				6C4008B94B5B9575C7D4C05B /* NeatEditor */,
			);
			path = Sources;
			sourceTree = "<group>";
		};
		8A73940DB02FD1D6108FDF13 /* Models */ = {
			isa = PBXGroup;
			children = (
				57BC26D5C7240FEF483712F5 /* TabBehavior.swift */,
			);
			path = Models;
			sourceTree = "<group>";
		};
		A22CFA8E6AABC86E0B1F852D /* Services */ = {
			isa = PBXGroup;
			children = (
				14452BE9113FCDDB6CE97192 /* AutoSaveScheduler.swift */,
				A7A960C8B24796C5DB2C6589 /* DocumentPersistenceService.swift */,
			);
			path = Services;
			sourceTree = "<group>";
		};
		B8324446F9926CC8ECAB9287 /* AppKitBridge */ = {
			isa = PBXGroup;
			children = (
				9B3C22F933FC00FD61B5DAF0 /* EditorTextContainerView.swift */,
				7FC9CB3A37D479100CB1B9D6 /* EditorTextView.swift */,
				0CF0D55E27675FFDA411D699 /* LineNumberGutterView.swift */,
				997F47F5D36FCDF06285DFAB /* ZoomableScrollView.swift */,
				0CA0DD15623CA315741B803E /* ZoomableTextView.swift */,
			);
			path = AppKitBridge;
			sourceTree = "<group>";
		};
		BC8551AEC3DC40534B42A465 /* Editor */ = {
			isa = PBXGroup;
			children = (
				B8324446F9926CC8ECAB9287 /* AppKitBridge */,
			);
			path = Editor;
			sourceTree = "<group>";
		};
		BD11E00755412FD8FBA19523 /* Commands */ = {
			isa = PBXGroup;
			children = (
				64C1E4F1C5E0852265B8A3A4 /* WorkspaceCommands.swift */,
			);
			path = Commands;
			sourceTree = "<group>";
		};
		C14B05E6C1A100540B6102A6 /* TitleBar */ = {
			isa = PBXGroup;
			children = (
				3DB9D86BBC9C10E24C2579C1 /* TitleBarTrafficLightAlignmentView.swift */,
			);
			path = TitleBar;
			sourceTree = "<group>";
		};
		DFBABB36B5A75980E9007BC5 /* Features */ = {
			isa = PBXGroup;
			children = (
				BC8551AEC3DC40534B42A465 /* Editor */,
				13FFF4BFB75B916FA0599860 /* Workspace */,
			);
			path = Features;
			sourceTree = "<group>";
		};
/* End PBXGroup section */

/* Begin PBXNativeTarget section */
		9A5D10A800E9420AFAB52D49 /* NeatEditor */ = {
			isa = PBXNativeTarget;
			buildConfigurationList = CEE60399EC8CECC780CE663A /* Build configuration list for PBXNativeTarget "NeatEditor" */;
			buildPhases = (
				515456D2EC8FC46A1392DA93 /* Sources */,
				E77BF6BAAFB3B3152B57EE9D /* Resources */,
			);
			buildRules = (
			);
			dependencies = (
			);
			name = NeatEditor;
			packageProductDependencies = (
			);
			productName = NeatEditor;
			productReference = C59982890BA0049E8CC31E4F /* NeatEditor.app */;
			productType = "com.apple.product-type.application";
		};
/* End PBXNativeTarget section */

/* Begin PBXProject section */
		226D05864F7573A4A75D26FC /* Project object */ = {
			isa = PBXProject;
			attributes = {
				BuildIndependentTargetsInParallel = YES;
				LastUpgradeCheck = 1620;
				TargetAttributes = {
					9A5D10A800E9420AFAB52D49 = {
						ProvisioningStyle = Automatic;
					};
				};
			};
			buildConfigurationList = 7998514BDB9579393D62FF65 /* Build configuration list for PBXProject "NeatEditor" */;
			compatibilityVersion = "Xcode 14.0";
			developmentRegion = en;
			hasScannedForEncodings = 0;
			knownRegions = (
				Base,
				en,
				"zh-Hans",
			);
			mainGroup = 1D4D0B8F75590E7123A4DCE5;
			minimizedProjectReferenceProxies = 1;
			preferredProjectObjectVersion = 77;
			projectDirPath = "";
			projectRoot = "";
			targets = (
				9A5D10A800E9420AFAB52D49 /* NeatEditor */,
			);
		};
/* End PBXProject section */

/* Begin PBXResourcesBuildPhase section */
		E77BF6BAAFB3B3152B57EE9D /* Resources */ = {
			isa = PBXResourcesBuildPhase;
			buildActionMask = 2147483647;
			files = (
				2F0D92985DE89AFB1227039E /* Assets.xcassets in Resources */,
				39BD2850BB05C043F8377344 /* Localizable.strings in Resources */,
			);
			runOnlyForDeploymentPostprocessing = 0;
		};
/* End PBXResourcesBuildPhase section */

/* Begin PBXSourcesBuildPhase section */
		515456D2EC8FC46A1392DA93 /* Sources */ = {
			isa = PBXSourcesBuildPhase;
			buildActionMask = 2147483647;
			files = (
				AB52501F00EC0F86E18D6C3C /* AutoSaveScheduler.swift in Sources */,
				6C4A4EF55D4E956B1CB30509 /* DocumentPersistenceService.swift in Sources */,
				4A7455D8ED46B4FC817A58B3 /* EditorChrome.swift in Sources */,
				30257E6B79239E28AD1DFF2A /* EditorTab.swift in Sources */,
				44208CD4C131FC71C34946E1 /* EditorTabStripView.swift in Sources */,
				40E4B08329E49913ADF40EFC /* EditorTextContainerView.swift in Sources */,
				4C6DD29CD0452D9311044BE8 /* EditorTextView.swift in Sources */,
				B94CDB60C07A6AB1960668D4 /* ExternalFileOpenCoordinator.swift in Sources */,
				260FB1D768B914BEC7E705CE /* LineNumberGutterView.swift in Sources */,
				28C0A08E8F3EA4403F48347A /* NeatEditorApp.swift in Sources */,
				85E7BB7174B4D000CEFDE8A6 /* SettingsView.swift in Sources */,
				F294F12E2A20AE8FFE734E66 /* TabBehavior.swift in Sources */,
				A344426D812AD628E5414D35 /* TitleBarTrafficLightAlignmentView.swift in Sources */,
				16EC1F059C67919FE7417ECA /* WorkspaceCommands.swift in Sources */,
				DCDC8B0D5BE86A4D3B12A9E1 /* WorkspaceStore.swift in Sources */,
				F9F0759B221E03E66297E6D5 /* WorkspaceView.swift in Sources */,
				3143A92017C91179B2A2A7ED /* ZoomableScrollView.swift in Sources */,
				21B6368381D44AB472B6E272 /* ZoomableTextView.swift in Sources */,
			);
			runOnlyForDeploymentPostprocessing = 0;
		};
/* End PBXSourcesBuildPhase section */

/* Begin PBXVariantGroup section */
		EEC6A22F39D1E5EC9B13E1CB /* Localizable.strings */ = {
			isa = PBXVariantGroup;
			children = (
				239A9A4637B76518C6187B38 /* en */,
				41100292C0909F81989C8A6B /* zh-Hans */,
			);
			name = Localizable.strings;
			sourceTree = "<group>";
		};
/* End PBXVariantGroup section */

/* Begin XCBuildConfiguration section */
		62553C548B8453246E5B2417 /* Release */ = {
			isa = XCBuildConfiguration;
			buildSettings = {
				ASSETCATALOG_COMPILER_APPICON_NAME = AppIcon;
				COMBINE_HIDPI_IMAGES = YES;
				GENERATE_INFOPLIST_FILE = NO;
				INFOPLIST_FILE = Sources/NeatEditor/App/Info.plist;
				LD_RUNPATH_SEARCH_PATHS = (
					"$(inherited)",
					"@executable_path/../Frameworks",
				);
				MACOSX_DEPLOYMENT_TARGET = 15.0;
				PRODUCT_BUNDLE_IDENTIFIER = com.geraltgraham.NeatEditor;
				SDKROOT = macosx;
				SWIFT_VERSION = 6.0;
			};
			name = Release;
		};
		903E4FBDEE69FF67A20AAC5C /* Release */ = {
			isa = XCBuildConfiguration;
			buildSettings = {
				ALWAYS_SEARCH_USER_PATHS = NO;
				CLANG_ANALYZER_NONNULL = YES;
				CLANG_ANALYZER_NUMBER_OBJECT_CONVERSION = YES_AGGRESSIVE;
				CLANG_CXX_LANGUAGE_STANDARD = "gnu++14";
				CLANG_CXX_LIBRARY = "libc++";
				CLANG_ENABLE_MODULES = YES;
				CLANG_ENABLE_OBJC_ARC = YES;
				CLANG_ENABLE_OBJC_WEAK = YES;
				CLANG_WARN_BLOCK_CAPTURE_AUTORELEASING = YES;
				CLANG_WARN_BOOL_CONVERSION = YES;
				CLANG_WARN_COMMA = YES;
				CLANG_WARN_CONSTANT_CONVERSION = YES;
				CLANG_WARN_DEPRECATED_OBJC_IMPLEMENTATIONS = YES;
				CLANG_WARN_DIRECT_OBJC_ISA_USAGE = YES_ERROR;
				CLANG_WARN_DOCUMENTATION_COMMENTS = YES;
				CLANG_WARN_EMPTY_BODY = YES;
				CLANG_WARN_ENUM_CONVERSION = YES;
				CLANG_WARN_INFINITE_RECURSION = YES;
				CLANG_WARN_INT_CONVERSION = YES;
				CLANG_WARN_NON_LITERAL_NULL_CONVERSION = YES;
				CLANG_WARN_OBJC_IMPLICIT_RETAIN_SELF = YES;
				CLANG_WARN_OBJC_LITERAL_CONVERSION = YES;
				CLANG_WARN_OBJC_ROOT_CLASS = YES_ERROR;
				CLANG_WARN_QUOTED_INCLUDE_IN_FRAMEWORK_HEADER = YES;
				CLANG_WARN_RANGE_LOOP_ANALYSIS = YES;
				CLANG_WARN_STRICT_PROTOTYPES = YES;
				CLANG_WARN_SUSPICIOUS_MOVE = YES;
				CLANG_WARN_UNGUARDED_AVAILABILITY = YES_AGGRESSIVE;
				CLANG_WARN_UNREACHABLE_CODE = YES;
				CLANG_WARN__DUPLICATE_METHOD_MATCH = YES;
				CODE_SIGN_STYLE = Automatic;
				COPY_PHASE_STRIP = NO;
				DEBUG_INFORMATION_FORMAT = "dwarf-with-dsym";
				ENABLE_HARDENED_RUNTIME = YES;
				ENABLE_NS_ASSERTIONS = NO;
				ENABLE_STRICT_OBJC_MSGSEND = YES;
				GCC_C_LANGUAGE_STANDARD = gnu11;
				GCC_NO_COMMON_BLOCKS = YES;
				GCC_WARN_64_TO_32_BIT_CONVERSION = YES;
				GCC_WARN_ABOUT_RETURN_TYPE = YES_ERROR;
				GCC_WARN_UNDECLARED_SELECTOR = YES;
				GCC_WARN_UNINITIALIZED_AUTOS = YES_AGGRESSIVE;
				GCC_WARN_UNUSED_FUNCTION = YES;
				GCC_WARN_UNUSED_VARIABLE = YES;
				MACOSX_DEPLOYMENT_TARGET = 15.0;
				MTL_ENABLE_DEBUG_INFO = NO;
				MTL_FAST_MATH = YES;
				PRODUCT_NAME = "$(TARGET_NAME)";
				SDKROOT = macosx;
				SWIFT_ACTIVE_COMPILATION_CONDITIONS = "";
				SWIFT_COMPILATION_MODE = wholemodule;
				SWIFT_OPTIMIZATION_LEVEL = "-O";
				SWIFT_VERSION = 6.0;
			};
			name = Release;
		};
		E5A7DA062109A89A1043B352 /* Debug */ = {
			isa = XCBuildConfiguration;
			buildSettings = {
				ASSETCATALOG_COMPILER_APPICON_NAME = AppIcon;
				COMBINE_HIDPI_IMAGES = YES;
				GENERATE_INFOPLIST_FILE = NO;
				INFOPLIST_FILE = Sources/NeatEditor/App/Info.plist;
				LD_RUNPATH_SEARCH_PATHS = (
					"$(inherited)",
					"@executable_path/../Frameworks",
				);
				MACOSX_DEPLOYMENT_TARGET = 15.0;
				PRODUCT_BUNDLE_IDENTIFIER = com.geraltgraham.NeatEditor;
				SDKROOT = macosx;
				SWIFT_VERSION = 6.0;
			};
			name = Debug;
		};
		F3468D253DF1F342C8F8ADBC /* Debug */ = {
			isa = XCBuildConfiguration;
			buildSettings = {
				ALWAYS_SEARCH_USER_PATHS = NO;
				CLANG_ANALYZER_NONNULL = YES;
				CLANG_ANALYZER_NUMBER_OBJECT_CONVERSION = YES_AGGRESSIVE;
				CLANG_CXX_LANGUAGE_STANDARD = "gnu++14";
				CLANG_CXX_LIBRARY = "libc++";
				CLANG_ENABLE_MODULES = YES;
				CLANG_ENABLE_OBJC_ARC = YES;
				CLANG_ENABLE_OBJC_WEAK = YES;
				CLANG_WARN_BLOCK_CAPTURE_AUTORELEASING = YES;
				CLANG_WARN_BOOL_CONVERSION = YES;
				CLANG_WARN_COMMA = YES;
				CLANG_WARN_CONSTANT_CONVERSION = YES;
				CLANG_WARN_DEPRECATED_OBJC_IMPLEMENTATIONS = YES;
				CLANG_WARN_DIRECT_OBJC_ISA_USAGE = YES_ERROR;
				CLANG_WARN_DOCUMENTATION_COMMENTS = YES;
				CLANG_WARN_EMPTY_BODY = YES;
				CLANG_WARN_ENUM_CONVERSION = YES;
				CLANG_WARN_INFINITE_RECURSION = YES;
				CLANG_WARN_INT_CONVERSION = YES;
				CLANG_WARN_NON_LITERAL_NULL_CONVERSION = YES;
				CLANG_WARN_OBJC_IMPLICIT_RETAIN_SELF = YES;
				CLANG_WARN_OBJC_LITERAL_CONVERSION = YES;
				CLANG_WARN_OBJC_ROOT_CLASS = YES_ERROR;
				CLANG_WARN_QUOTED_INCLUDE_IN_FRAMEWORK_HEADER = YES;
				CLANG_WARN_RANGE_LOOP_ANALYSIS = YES;
				CLANG_WARN_STRICT_PROTOTYPES = YES;
				CLANG_WARN_SUSPICIOUS_MOVE = YES;
				CLANG_WARN_UNGUARDED_AVAILABILITY = YES_AGGRESSIVE;
				CLANG_WARN_UNREACHABLE_CODE = YES;
				CLANG_WARN__DUPLICATE_METHOD_MATCH = YES;
				CODE_SIGN_STYLE = Automatic;
				COPY_PHASE_STRIP = NO;
				DEBUG_INFORMATION_FORMAT = "dwarf-with-dsym";
				ENABLE_HARDENED_RUNTIME = YES;
				ENABLE_STRICT_OBJC_MSGSEND = YES;
				ENABLE_TESTABILITY = YES;
				GCC_C_LANGUAGE_STANDARD = gnu11;
				GCC_DYNAMIC_NO_PIC = NO;
				GCC_NO_COMMON_BLOCKS = YES;
				GCC_OPTIMIZATION_LEVEL = 0;
				GCC_PREPROCESSOR_DEFINITIONS = (
					"$(inherited)",
					"DEBUG=1",
				);
				GCC_WARN_64_TO_32_BIT_CONVERSION = YES;
				GCC_WARN_ABOUT_RETURN_TYPE = YES_ERROR;
				GCC_WARN_UNDECLARED_SELECTOR = YES;
				GCC_WARN_UNINITIALIZED_AUTOS = YES_AGGRESSIVE;
				GCC_WARN_UNUSED_FUNCTION = YES;
				GCC_WARN_UNUSED_VARIABLE = YES;
				MACOSX_DEPLOYMENT_TARGET = 15.0;
				MTL_ENABLE_DEBUG_INFO = INCLUDE_SOURCE;
				MTL_FAST_MATH = YES;
				ONLY_ACTIVE_ARCH = YES;
				PRODUCT_NAME = "$(TARGET_NAME)";
				SDKROOT = macosx;
				SWIFT_ACTIVE_COMPILATION_CONDITIONS = DEBUG;
				SWIFT_OPTIMIZATION_LEVEL = "-Onone";
				SWIFT_VERSION = 6.0;
			};
			name = Debug;
		};
/* End XCBuildConfiguration section */

/* Begin XCConfigurationList section */
		7998514BDB9579393D62FF65 /* Build configuration list for PBXProject "NeatEditor" */ = {
			isa = XCConfigurationList;
			buildConfigurations = (
				F3468D253DF1F342C8F8ADBC /* Debug */,
				903E4FBDEE69FF67A20AAC5C /* Release */,
			);
			defaultConfigurationIsVisible = 0;
			defaultConfigurationName = Debug;
		};
		CEE60399EC8CECC780CE663A /* Build configuration list for PBXNativeTarget "NeatEditor" */ = {
			isa = XCConfigurationList;
			buildConfigurations = (
				E5A7DA062109A89A1043B352 /* Debug */,
				62553C548B8453246E5B2417 /* Release */,
			);
			defaultConfigurationIsVisible = 0;
			defaultConfigurationName = Debug;
		};
/* End XCConfigurationList section */
	};
	rootObject = 226D05864F7573A4A75D26FC /* Project object */;
}
